# This file is autogenerated, do not edit; changes may be undone by the next 'dep ensure'.


[[projects]]
  branch = "master"
  name = "github.com/lib/pq"
  packages = [".","oid"]
  revision = "88edab0803230a3898347e77b474f8c1820a1f20"

[solve-meta]
  analyzer-name = "dep"
  analyzer-version = 1
  inputs-digest = "26c3746775bbf40f6e5a20851b38c6d39ef59731f97f14046ca53ff16a800ceb"
  solver-name = "gps-cdcl"
  solver-version = 1
